
Microsoft Visual Studio Solution File, Format Version 12.00
# Visual Studio 2012
Project("{FAE04EC0-301F-11D3-BF4B-00C04F79EFBC}") = "XamarinExperiments", "XamarinExperiments\XamarinExperiments.csproj", "{85E8E9AF-6012-48DC-A91E-094D603FF035}"
EndProject
Project("{FAE04EC0-301F-11D3-BF4B-00C04F79EFBC}") = "XamarinExperiments.Droid", "Droid\XamarinExperiments.Droid.csproj", "{E283D407-9151-4D73-A460-3449602E4DA3}"
EndProject
Project("{9344BDBB-3E7F-41FC-A0DD-8665D75EE146}") = "XamarinExperiments.iOS", "iOS\XamarinExperiments.iOS.csproj", "{C3932CB6-FD56-44F9-8ECD-DCF8837B7C06}"
EndProject
Project("{9344BDBB-3E7F-41FC-A0DD-8665D75EE146}") = "XamarinExperiments.UITests", "UITests\XamarinExperiments.UITests.csproj", "{042BE2B5-6B93-48AC-B449-7B664F4E4552}"
EndProject
Global
	GlobalSection(SolutionConfigurationPlatforms) = preSolution
		Debug|Any CPU = Debug|Any CPU
		Release|Any CPU = Release|Any CPU
		Debug|iPhoneSimulator = Debug|iPhoneSimulator
		Release|iPhone = Release|iPhone
		Release|iPhoneSimulator = Release|iPhoneSimulator
		Debug|iPhone = Debug|iPhone
	EndGlobalSection
	GlobalSection(ProjectConfigurationPlatforms) = postSolution
		{85E8E9AF-6012-48DC-A91E-094D603FF035}.Debug|Any CPU.ActiveCfg = Debug|Any CPU
		{85E8E9AF-6012-48DC-A91E-094D603FF035}.Debug|Any CPU.Build.0 = Debug|Any CPU
		{85E8E9AF-6012-48DC-A91E-094D603FF035}.Release|Any CPU.ActiveCfg = Release|Any CPU
		{85E8E9AF-6012-48DC-A91E-094D603FF035}.Release|Any CPU.Build.0 = Release|Any CPU
		{85E8E9AF-6012-48DC-A91E-094D603FF035}.Debug|iPhoneSimulator.ActiveCfg = Debug|Any CPU
		{85E8E9AF-6012-48DC-A91E-094D603FF035}.Debug|iPhoneSimulator.Build.0 = Debug|Any CPU
		{85E8E9AF-6012-48DC-A91E-094D603FF035}.Release|iPhone.ActiveCfg = Release|Any CPU
		{85E8E9AF-6012-48DC-A91E-094D603FF035}.Release|iPhone.Build.0 = Release|Any CPU
		{85E8E9AF-6012-48DC-A91E-094D603FF035}.Release|iPhoneSimulator.ActiveCfg = Release|Any CPU
		{85E8E9AF-6012-48DC-A91E-094D603FF035}.Release|iPhoneSimulator.Build.0 = Release|Any CPU
		{85E8E9AF-6012-48DC-A91E-094D603FF035}.Debug|iPhone.ActiveCfg = Debug|Any CPU
		{85E8E9AF-6012-48DC-A91E-094D603FF035}.Debug|iPhone.Build.0 = Debug|Any CPU
		{E283D407-9151-4D73-A460-3449602E4DA3}.Debug|Any CPU.ActiveCfg = Debug|Any CPU
		{E283D407-9151-4D73-A460-3449602E4DA3}.Debug|Any CPU.Build.0 = Debug|Any CPU
		{E283D407-9151-4D73-A460-3449602E4DA3}.Release|Any CPU.ActiveCfg = Release|Any CPU
		{E283D407-9151-4D73-A460-3449602E4DA3}.Release|Any CPU.Build.0 = Release|Any CPU
		{E283D407-9151-4D73-A460-3449602E4DA3}.Debug|iPhoneSimulator.ActiveCfg = Debug|Any CPU
		{E283D407-9151-4D73-A460-3449602E4DA3}.Debug|iPhoneSimulator.Build.0 = Debug|Any CPU
		{E283D407-9151-4D73-A460-3449602E4DA3}.Release|iPhone.ActiveCfg = Release|Any CPU
		{E283D407-9151-4D73-A460-3449602E4DA3}.Release|iPhone.Build.0 = Release|Any CPU
		{E283D407-9151-4D73-A460-3449602E4DA3}.Release|iPhoneSimulator.ActiveCfg = Release|Any CPU
		{E283D407-9151-4D73-A460-3449602E4DA3}.Release|iPhoneSimulator.Build.0 = Release|Any CPU
		{E283D407-9151-4D73-A460-3449602E4DA3}.Debug|iPhone.ActiveCfg = Debug|Any CPU
		{E283D407-9151-4D73-A460-3449602E4DA3}.Debug|iPhone.Build.0 = Debug|Any CPU
		{C3932CB6-FD56-44F9-8ECD-DCF8837B7C06}.Debug|Any CPU.ActiveCfg = Debug|iPhoneSimulator
		{C3932CB6-FD56-44F9-8ECD-DCF8837B7C06}.Debug|Any CPU.Build.0 = Debug|iPhoneSimulator
		{C3932CB6-FD56-44F9-8ECD-DCF8837B7C06}.Release|Any CPU.ActiveCfg = Debug|iPhoneSimulator
		{C3932CB6-FD56-44F9-8ECD-DCF8837B7C06}.Release|Any CPU.Build.0 = Debug|iPhoneSimulator
		{C3932CB6-FD56-44F9-8ECD-DCF8837B7C06}.Debug|iPhoneSimulator.ActiveCfg = Debug|iPhoneSimulator
		{C3932CB6-FD56-44F9-8ECD-DCF8837B7C06}.Debug|iPhoneSimulator.Build.0 = Debug|iPhoneSimulator
		{C3932CB6-FD56-44F9-8ECD-DCF8837B7C06}.Release|iPhone.ActiveCfg = Release|iPhone
		{C3932CB6-FD56-44F9-8ECD-DCF8837B7C06}.Release|iPhone.Build.0 = Release|iPhone
		{C3932CB6-FD56-44F9-8ECD-DCF8837B7C06}.Release|iPhoneSimulator.ActiveCfg = Release|iPhoneSimulator
		{C3932CB6-FD56-44F9-8ECD-DCF8837B7C06}.Release|iPhoneSimulator.Build.0 = Release|iPhoneSimulator
		{C3932CB6-FD56-44F9-8ECD-DCF8837B7C06}.Debug|iPhone.ActiveCfg = Debug|iPhone
		{C3932CB6-FD56-44F9-8ECD-DCF8837B7C06}.Debug|iPhone.Build.0 = Debug|iPhone
		{042BE2B5-6B93-48AC-B449-7B664F4E4552}.Debug|Any CPU.ActiveCfg = Debug|Any CPU
		{042BE2B5-6B93-48AC-B449-7B664F4E4552}.Debug|Any CPU.Build.0 = Debug|Any CPU
		{042BE2B5-6B93-48AC-B449-7B664F4E4552}.Release|Any CPU.ActiveCfg = Release|Any CPU
		{042BE2B5-6B93-48AC-B449-7B664F4E4552}.Release|Any CPU.Build.0 = Release|Any CPU
		{042BE2B5-6B93-48AC-B449-7B664F4E4552}.Debug|iPhoneSimulator.ActiveCfg = Debug|Any CPU
		{042BE2B5-6B93-48AC-B449-7B664F4E4552}.Debug|iPhoneSimulator.Build.0 = Debug|Any CPU
		{042BE2B5-6B93-48AC-B449-7B664F4E4552}.Release|iPhone.ActiveCfg = Release|Any CPU
		{042BE2B5-6B93-48AC-B449-7B664F4E4552}.Release|iPhone.Build.0 = Release|Any CPU
		{042BE2B5-6B93-48AC-B449-7B664F4E4552}.Release|iPhoneSimulator.ActiveCfg = Release|Any CPU
		{042BE2B5-6B93-48AC-B449-7B664F4E4552}.Release|iPhoneSimulator.Build.0 = Release|Any CPU
		{042BE2B5-6B93-48AC-B449-7B664F4E4552}.Debug|iPhone.ActiveCfg = Debug|Any CPU
		{042BE2B5-6B93-48AC-B449-7B664F4E4552}.Debug|iPhone.Build.0 = Debug|Any CPU
	EndGlobalSection
EndGlobal
